{
  "object": {
    "pins": [
      {
        "package": "Flynn",
        "repositoryURL": "https://github.com/KittyMac/Flynn.git",
        "state": {
          "branch": "master",
          "revision": "329d6d4905c35b9c18b85faf57c40ad39ce6c062",
          "version": null
        }
      },
      {
        "package": "Ipecac",
        "repositoryURL": "https://github.com/KittyMac/Ipecac.git",
        "state": {
          "branch": "master",
          "revision": "89fb6d88957b18963fe4a4aa49773a51cd8fc25f",
          "version": null
        }
      },
      {
        "package": "swift-argument-parser",
        "repositoryURL": "https://github.com/apple/swift-argument-parser",
        "state": {
          "branch": null,
          "revision": "47bd06ebeff8146ecd0020809e186218b46f465f",
          "version": "0.4.2"
        }
      }
    ]
  },
  "version": 1
}
